
Microsoft Visual Studio Solution File, Format Version 12.00
Project("{FAE04EC0-301F-11D3-BF4B-00C04F79EFBC}") = "gis.Domain", "gis.Domain\gis.Domain.csproj", "{5E35691C-DBE2-4B80-B835-7BD62CD75502}"
EndProject
Project("{FAE04EC0-301F-11D3-BF4B-00C04F79EFBC}") = "gis.ApplicationLayer", "gis.ApplicationLayer\gis.ApplicationLayer.csproj", "{91CAB874-C589-4775-B43A-2F2D686F1C19}"
EndProject
Project("{FAE04EC0-301F-11D3-BF4B-00C04F79EFBC}") = "gis.InfrastructureLayer", "gis.InfrastructureLayer\gis.InfrastructureLayer.csproj", "{7959784F-7630-4C9D-8B56-90A900726555}"
EndProject
Project("{FAE04EC0-301F-11D3-BF4B-00C04F79EFBC}") = "gis.API", "gis.API\gis.API.csproj", "{8A838931-83A0-489E-9925-4B39A816AFFC}"
EndProject
Project("{2150E333-8FDC-42A3-9474-1A3956D46DE8}") = "Solution Items", "Solution Items", "{AF96C628-EB86-4EEF-9E49-9CF5DDCCAABD}"
	ProjectSection(SolutionItems) = preProject
		compose.yaml = compose.yaml
	EndProjectSection
EndProject
Project("{FAE04EC0-301F-11D3-BF4B-00C04F79EFBC}") = "Tests", "Tests\Tests.csproj", "{748E235D-27BD-48E8-AC1A-F9BE8387C3A2}"
EndProject
Global
	GlobalSection(SolutionConfigurationPlatforms) = preSolution
		Debug|Any CPU = Debug|Any CPU
		Release|Any CPU = Release|Any CPU
	EndGlobalSection
	GlobalSection(ProjectConfigurationPlatforms) = postSolution
		{5E35691C-DBE2-4B80-B835-7BD62CD75502}.Debug|Any CPU.ActiveCfg = Debug|Any CPU
		{5E35691C-DBE2-4B80-B835-7BD62CD75502}.Debug|Any CPU.Build.0 = Debug|Any CPU
		{5E35691C-DBE2-4B80-B835-7BD62CD75502}.Release|Any CPU.ActiveCfg = Release|Any CPU
		{5E35691C-DBE2-4B80-B835-7BD62CD75502}.Release|Any CPU.Build.0 = Release|Any CPU
		{91CAB874-C589-4775-B43A-2F2D686F1C19}.Debug|Any CPU.ActiveCfg = Debug|Any CPU
		{91CAB874-C589-4775-B43A-2F2D686F1C19}.Debug|Any CPU.Build.0 = Debug|Any CPU
		{91CAB874-C589-4775-B43A-2F2D686F1C19}.Release|Any CPU.ActiveCfg = Release|Any CPU
		{91CAB874-C589-4775-B43A-2F2D686F1C19}.Release|Any CPU.Build.0 = Release|Any CPU
		{7959784F-7630-4C9D-8B56-90A900726555}.Debug|Any CPU.ActiveCfg = Debug|Any CPU
		{7959784F-7630-4C9D-8B56-90A900726555}.Debug|Any CPU.Build.0 = Debug|Any CPU
		{7959784F-7630-4C9D-8B56-90A900726555}.Release|Any CPU.ActiveCfg = Release|Any CPU
		{7959784F-7630-4C9D-8B56-90A900726555}.Release|Any CPU.Build.0 = Release|Any CPU
		{8A838931-83A0-489E-9925-4B39A816AFFC}.Debug|Any CPU.ActiveCfg = Debug|Any CPU
		{8A838931-83A0-489E-9925-4B39A816AFFC}.Debug|Any CPU.Build.0 = Debug|Any CPU
		{8A838931-83A0-489E-9925-4B39A816AFFC}.Release|Any CPU.ActiveCfg = Release|Any CPU
		{8A838931-83A0-489E-9925-4B39A816AFFC}.Release|Any CPU.Build.0 = Release|Any CPU
		{748E235D-27BD-48E8-AC1A-F9BE8387C3A2}.Debug|Any CPU.ActiveCfg = Debug|Any CPU
		{748E235D-27BD-48E8-AC1A-F9BE8387C3A2}.Debug|Any CPU.Build.0 = Debug|Any CPU
		{748E235D-27BD-48E8-AC1A-F9BE8387C3A2}.Release|Any CPU.ActiveCfg = Release|Any CPU
		{748E235D-27BD-48E8-AC1A-F9BE8387C3A2}.Release|Any CPU.Build.0 = Release|Any CPU
	EndGlobalSection
EndGlobal
